// !$*UTF8*$!
{
	archiveVersion = 1;
	classes = {
	};
	objectVersion = 46;
	objects = {

/* Begin PBXBuildFile section */
		BD7B81381B5D1FA900067D29 /* main.m in Sources */ = {isa = PBXBuildFile; fileRef = BD7B81371B5D1FA900067D29 /* main.m */; };
		BD7B813B1B5D1FA900067D29 /* AppDelegate.m in Sources */ = {isa = PBXBuildFile; fileRef = BD7B813A1B5D1FA900067D29 /* AppDelegate.m */; };
		BD7B81411B5D1FA900067D29 /* Main.storyboard in Resources */ = {isa = PBXBuildFile; fileRef = BD7B813F1B5D1FA900067D29 /* Main.storyboard */; };
		BD7B81431B5D1FA900067D29 /* Images.xcassets in Resources */ = {isa = PBXBuildFile; fileRef = BD7B81421B5D1FA900067D29 /* Images.xcassets */; };
		BD7B81461B5D1FA900067D29 /* LaunchScreen.xib in Resources */ = {isa = PBXBuildFile; fileRef = BD7B81441B5D1FA900067D29 /* LaunchScreen.xib */; };
		BD7B81521B5D1FAA00067D29 /* RunErrandsTests.m in Sources */ = {isa = PBXBuildFile; fileRef = BD7B81511B5D1FAA00067D29 /* RunErrandsTests.m */; };
		BD7B815C1B5D202A00067D29 /* MapKit.framework in Frameworks */ = {isa = PBXBuildFile; fileRef = BD7B815B1B5D202A00067D29 /* MapKit.framework */; };
		BD7B815E1B5D208000067D29 /* CoreLocation.framework in Frameworks */ = {isa = PBXBuildFile; fileRef = BD7B815D1B5D208000067D29 /* CoreLocation.framework */; };
		BD7B81601B5D22E000067D29 /* Foundation.framework in Frameworks */ = {isa = PBXBuildFile; fileRef = BD7B815F1B5D22E000067D29 /* Foundation.framework */; };
		BD7B81621B5D231900067D29 /* UIKit.framework in Frameworks */ = {isa = PBXBuildFile; fileRef = BD7B81611B5D231800067D29 /* UIKit.framework */; };
		BD7B81751B5D248D00067D29 /* SlideNavigationContorllerAnimatorFade.m in Sources */ = {isa = PBXBuildFile; fileRef = BD7B81671B5D248D00067D29 /* SlideNavigationContorllerAnimatorFade.m */; };
		BD7B81761B5D248D00067D29 /* SlideNavigationContorllerAnimatorScale.m in Sources */ = {isa = PBXBuildFile; fileRef = BD7B81691B5D248D00067D29 /* SlideNavigationContorllerAnimatorScale.m */; };
		BD7B81771B5D248D00067D29 /* SlideNavigationContorllerAnimatorScaleAndFade.m in Sources */ = {isa = PBXBuildFile; fileRef = BD7B816B1B5D248D00067D29 /* SlideNavigationContorllerAnimatorScaleAndFade.m */; };
		BD7B81781B5D248D00067D29 /* SlideNavigationContorllerAnimatorSlide.m in Sources */ = {isa = PBXBuildFile; fileRef = BD7B816D1B5D248D00067D29 /* SlideNavigationContorllerAnimatorSlide.m */; };
		BD7B81791B5D248D00067D29 /* SlideNavigationContorllerAnimatorSlideAndFade.m in Sources */ = {isa = PBXBuildFile; fileRef = BD7B816F1B5D248D00067D29 /* SlideNavigationContorllerAnimatorSlideAndFade.m */; };
		BD7B817A1B5D248D00067D29 /* menu-button.png in Resources */ = {isa = PBXBuildFile; fileRef = BD7B81711B5D248D00067D29 /* menu-button.png */; };
		BD7B817B1B5D248D00067D29 /* menu-button@2x.png in Resources */ = {isa = PBXBuildFile; fileRef = BD7B81721B5D248D00067D29 /* menu-button@2x.png */; };
		BD7B817C1B5D248D00067D29 /* SlideNavigationController.m in Sources */ = {isa = PBXBuildFile; fileRef = BD7B81741B5D248D00067D29 /* SlideNavigationController.m */; };
		BD7B817F1B5D2A9600067D29 /* MapViewController.m in Sources */ = {isa = PBXBuildFile; fileRef = BD7B817E1B5D2A9600067D29 /* MapViewController.m */; };
		BD7B81821B5D2DCE00067D29 /* LeftMenuTableViewController.m in Sources */ = {isa = PBXBuildFile; fileRef = BD7B81811B5D2DCE00067D29 /* LeftMenuTableViewController.m */; };
/* End PBXBuildFile section */

/* Begin PBXContainerItemProxy section */
		BD7B814C1B5D1FAA00067D29 /* PBXContainerItemProxy */ = {
			isa = PBXContainerItemProxy;
			containerPortal = BD7B812A1B5D1FA900067D29 /* Project object */;
			proxyType = 1;
			remoteGlobalIDString = BD7B81311B5D1FA900067D29;
			remoteInfo = RunErrands;
		};
/* End PBXContainerItemProxy section */

/* Begin PBXFileReference section */
		BD7B81321B5D1FA900067D29 /* RunErrands.app */ = {isa = PBXFileReference; explicitFileType = wrapper.application; includeInIndex = 0; path = RunErrands.app; sourceTree = BUILT_PRODUCTS_DIR; };
		BD7B81361B5D1FA900067D29 /* Info.plist */ = {isa = PBXFileReference; lastKnownFileType = text.plist.xml; path = Info.plist; sourceTree = "<group>"; };
		BD7B81371B5D1FA900067D29 /* main.m */ = {isa = PBXFileReference; lastKnownFileType = sourcecode.c.objc; path = main.m; sourceTree = "<group>"; };
		BD7B81391B5D1FA900067D29 /* AppDelegate.h */ = {isa = PBXFileReference; lastKnownFileType = sourcecode.c.h; path = AppDelegate.h; sourceTree = "<group>"; };
		BD7B813A1B5D1FA900067D29 /* AppDelegate.m */ = {isa = PBXFileReference; lastKnownFileType = sourcecode.c.objc; path = AppDelegate.m; sourceTree = "<group>"; };
		BD7B81401B5D1FA900067D29 /* Base */ = {isa = PBXFileReference; lastKnownFileType = file.storyboard; name = Base; path = Base.lproj/Main.storyboard; sourceTree = "<group>"; };
		BD7B81421B5D1FA900067D29 /* Images.xcassets */ = {isa = PBXFileReference; lastKnownFileType = folder.assetcatalog; path = Images.xcassets; sourceTree = "<group>"; };
		BD7B81451B5D1FA900067D29 /* Base */ = {isa = PBXFileReference; lastKnownFileType = file.xib; name = Base; path = Base.lproj/LaunchScreen.xib; sourceTree = "<group>"; };
		BD7B814B1B5D1FAA00067D29 /* RunErrandsTests.xctest */ = {isa = PBXFileReference; explicitFileType = wrapper.cfbundle; includeInIndex = 0; path = RunErrandsTests.xctest; sourceTree = BUILT_PRODUCTS_DIR; };
		BD7B81501B5D1FAA00067D29 /* Info.plist */ = {isa = PBXFileReference; lastKnownFileType = text.plist.xml; path = Info.plist; sourceTree = "<group>"; };
		BD7B81511B5D1FAA00067D29 /* RunErrandsTests.m */ = {isa = PBXFileReference; lastKnownFileType = sourcecode.c.objc; path = RunErrandsTests.m; sourceTree = "<group>"; };
		BD7B815B1B5D202A00067D29 /* MapKit.framework */ = {isa = PBXFileReference; lastKnownFileType = wrapper.framework; name = MapKit.framework; path = System/Library/Frameworks/MapKit.framework; sourceTree = SDKROOT; };
		BD7B815D1B5D208000067D29 /* CoreLocation.framework */ = {isa = PBXFileReference; lastKnownFileType = wrapper.framework; name = CoreLocation.framework; path = System/Library/Frameworks/CoreLocation.framework; sourceTree = SDKROOT; };
		BD7B815F1B5D22E000067D29 /* Foundation.framework */ = {isa = PBXFileReference; lastKnownFileType = wrapper.framework; name = Foundation.framework; path = System/Library/Frameworks/Foundation.framework; sourceTree = SDKROOT; };
		BD7B81611B5D231800067D29 /* UIKit.framework */ = {isa = PBXFileReference; lastKnownFileType = wrapper.framework; name = UIKit.framework; path = System/Library/Frameworks/UIKit.framework; sourceTree = SDKROOT; };
		BD7B81651B5D248D00067D29 /* SlideNavigationContorllerAnimator.h */ = {isa = PBXFileReference; fileEncoding = 4; lastKnownFileType = sourcecode.c.h; path = SlideNavigationContorllerAnimator.h; sourceTree = "<group>"; };
		BD7B81661B5D248D00067D29 /* SlideNavigationContorllerAnimatorFade.h */ = {isa = PBXFileReference; fileEncoding = 4; lastKnownFileType = sourcecode.c.h; path = SlideNavigationContorllerAnimatorFade.h; sourceTree = "<group>"; };
		BD7B81671B5D248D00067D29 /* SlideNavigationContorllerAnimatorFade.m */ = {isa = PBXFileReference; fileEncoding = 4; lastKnownFileType = sourcecode.c.objc; path = SlideNavigationContorllerAnimatorFade.m; sourceTree = "<group>"; };
		BD7B81681B5D248D00067D29 /* SlideNavigationContorllerAnimatorScale.h */ = {isa = PBXFileReference; fileEncoding = 4; lastKnownFileType = sourcecode.c.h; path = SlideNavigationContorllerAnimatorScale.h; sourceTree = "<group>"; };
		BD7B81691B5D248D00067D29 /* SlideNavigationContorllerAnimatorScale.m */ = {isa = PBXFileReference; fileEncoding = 4; lastKnownFileType = sourcecode.c.objc; path = SlideNavigationContorllerAnimatorScale.m; sourceTree = "<group>"; };
		BD7B816A1B5D248D00067D29 /* SlideNavigationContorllerAnimatorScaleAndFade.h */ = {isa = PBXFileReference; fileEncoding = 4; lastKnownFileType = sourcecode.c.h; path = SlideNavigationContorllerAnimatorScaleAndFade.h; sourceTree = "<group>"; };
		BD7B816B1B5D248D00067D29 /* SlideNavigationContorllerAnimatorScaleAndFade.m */ = {isa = PBXFileReference; fileEncoding = 4; lastKnownFileType = sourcecode.c.objc; path = SlideNavigationContorllerAnimatorScaleAndFade.m; sourceTree = "<group>"; };
		BD7B816C1B5D248D00067D29 /* SlideNavigationContorllerAnimatorSlide.h */ = {isa = PBXFileReference; fileEncoding = 4; lastKnownFileType = sourcecode.c.h; path = SlideNavigationContorllerAnimatorSlide.h; sourceTree = "<group>"; };
		BD7B816D1B5D248D00067D29 /* SlideNavigationContorllerAnimatorSlide.m */ = {isa = PBXFileReference; fileEncoding = 4; lastKnownFileType = sourcecode.c.objc; path = SlideNavigationContorllerAnimatorSlide.m; sourceTree = "<group>"; };
		BD7B816E1B5D248D00067D29 /* SlideNavigationContorllerAnimatorSlideAndFade.h */ = {isa = PBXFileReference; fileEncoding = 4; lastKnownFileType = sourcecode.c.h; path = SlideNavigationContorllerAnimatorSlideAndFade.h; sourceTree = "<group>"; };
		BD7B816F1B5D248D00067D29 /* SlideNavigationContorllerAnimatorSlideAndFade.m */ = {isa = PBXFileReference; fileEncoding = 4; lastKnownFileType = sourcecode.c.objc; path = SlideNavigationContorllerAnimatorSlideAndFade.m; sourceTree = "<group>"; };
		BD7B81711B5D248D00067D29 /* menu-button.png */ = {isa = PBXFileReference; lastKnownFileType = image.png; path = "menu-button.png"; sourceTree = "<group>"; };
		BD7B81721B5D248D00067D29 /* menu-button@2x.png */ = {isa = PBXFileReference; lastKnownFileType = image.png; path = "menu-button@2x.png"; sourceTree = "<group>"; };
		BD7B81731B5D248D00067D29 /* SlideNavigationController.h */ = {isa = PBXFileReference; fileEncoding = 4; lastKnownFileType = sourcecode.c.h; path = SlideNavigationController.h; sourceTree = "<group>"; };
		BD7B81741B5D248D00067D29 /* SlideNavigationController.m */ = {isa = PBXFileReference; fileEncoding = 4; lastKnownFileType = sourcecode.c.objc; path = SlideNavigationController.m; sourceTree = "<group>"; };
		BD7B817D1B5D2A9600067D29 /* MapViewController.h */ = {isa = PBXFileReference; fileEncoding = 4; lastKnownFileType = sourcecode.c.h; path = MapViewController.h; sourceTree = "<group>"; };
		BD7B817E1B5D2A9600067D29 /* MapViewController.m */ = {isa = PBXFileReference; fileEncoding = 4; lastKnownFileType = sourcecode.c.objc; path = MapViewController.m; sourceTree = "<group>"; };
		BD7B81801B5D2DCE00067D29 /* LeftMenuTableViewController.h */ = {isa = PBXFileReference; fileEncoding = 4; lastKnownFileType = sourcecode.c.h; path = LeftMenuTableViewController.h; sourceTree = "<group>"; };
		BD7B81811B5D2DCE00067D29 /* LeftMenuTableViewController.m */ = {isa = PBXFileReference; fileEncoding = 4; lastKnownFileType = sourcecode.c.objc; path = LeftMenuTableViewController.m; sourceTree = "<group>"; };
/* End PBXFileReference section */

/* Begin PBXFrameworksBuildPhase section */
		BD7B812F1B5D1FA900067D29 /* Frameworks */ = {
			isa = PBXFrameworksBuildPhase;
			buildActionMask = 2147483647;
			files = (
				BD7B81621B5D231900067D29 /* UIKit.framework in Frameworks */,
				BD7B81601B5D22E000067D29 /* Foundation.framework in Frameworks */,
				BD7B815E1B5D208000067D29 /* CoreLocation.framework in Frameworks */,
				BD7B815C1B5D202A00067D29 /* MapKit.framework in Frameworks */,
			);
			runOnlyForDeploymentPostprocessing = 0;
		};
		BD7B81481B5D1FAA00067D29 /* Frameworks */ = {
			isa = PBXFrameworksBuildPhase;
			buildActionMask = 2147483647;
			files = (
			);
			runOnlyForDeploymentPostprocessing = 0;
		};
/* End PBXFrameworksBuildPhase section */

/* Begin PBXGroup section */
		BD7B81291B5D1FA900067D29 = {
			isa = PBXGroup;
			children = (
				BD7B81611B5D231800067D29 /* UIKit.framework */,
				BD7B815F1B5D22E000067D29 /* Foundation.framework */,
				BD7B815D1B5D208000067D29 /* CoreLocation.framework */,
				BD7B815B1B5D202A00067D29 /* MapKit.framework */,
				BD7B81341B5D1FA900067D29 /* RunErrands */,
				BD7B814E1B5D1FAA00067D29 /* RunErrandsTests */,
				BD7B81331B5D1FA900067D29 /* Products */,
			);
			sourceTree = "<group>";
		};
		BD7B81331B5D1FA900067D29 /* Products */ = {
			isa = PBXGroup;
			children = (
				BD7B81321B5D1FA900067D29 /* RunErrands.app */,
				BD7B814B1B5D1FAA00067D29 /* RunErrandsTests.xctest */,
			);
			name = Products;
			sourceTree = "<group>";
		};
		BD7B81341B5D1FA900067D29 /* RunErrands */ = {
			isa = PBXGroup;
			children = (
				BD7B81631B5D248D00067D29 /* Source */,
				BD7B81391B5D1FA900067D29 /* AppDelegate.h */,
				BD7B813A1B5D1FA900067D29 /* AppDelegate.m */,
				BD7B81801B5D2DCE00067D29 /* LeftMenuTableViewController.h */,
				BD7B81811B5D2DCE00067D29 /* LeftMenuTableViewController.m */,
				BD7B817D1B5D2A9600067D29 /* MapViewController.h */,
				BD7B817E1B5D2A9600067D29 /* MapViewController.m */,
				BD7B813F1B5D1FA900067D29 /* Main.storyboard */,
				BD7B81421B5D1FA900067D29 /* Images.xcassets */,
				BD7B81441B5D1FA900067D29 /* LaunchScreen.xib */,
				BD7B81351B5D1FA900067D29 /* Supporting Files */,
			);
			path = RunErrands;
			sourceTree = "<group>";
		};
		BD7B81351B5D1FA900067D29 /* Supporting Files */ = {
			isa = PBXGroup;
			children = (
				BD7B81361B5D1FA900067D29 /* Info.plist */,
				BD7B81371B5D1FA900067D29 /* main.m */,
			);
			name = "Supporting Files";
			sourceTree = "<group>";
		};
		BD7B814E1B5D1FAA00067D29 /* RunErrandsTests */ = {
			isa = PBXGroup;
			children = (
				BD7B81511B5D1FAA00067D29 /* RunErrandsTests.m */,
				BD7B814F1B5D1FAA00067D29 /* Supporting Files */,
			);
			path = RunErrandsTests;
			sourceTree = "<group>";
		};
		BD7B814F1B5D1FAA00067D29 /* Supporting Files */ = {
			isa = PBXGroup;
			children = (
				BD7B81501B5D1FAA00067D29 /* Info.plist */,
			);
			name = "Supporting Files";
			sourceTree = "<group>";
		};
		BD7B81631B5D248D00067D29 /* Source */ = {
			isa = PBXGroup;
			children = (
				BD7B81641B5D248D00067D29 /* Animations */,
				BD7B81701B5D248D00067D29 /* Assets */,
				BD7B81731B5D248D00067D29 /* SlideNavigationController.h */,
				BD7B81741B5D248D00067D29 /* SlideNavigationController.m */,
			);
			path = Source;
			sourceTree = "<group>";
		};
		BD7B81641B5D248D00067D29 /* Animations */ = {
			isa = PBXGroup;
			children = (
				BD7B81651B5D248D00067D29 /* SlideNavigationContorllerAnimator.h */,
				BD7B81661B5D248D00067D29 /* SlideNavigationContorllerAnimatorFade.h */,
				BD7B81671B5D248D00067D29 /* SlideNavigationContorllerAnimatorFade.m */,
				BD7B81681B5D248D00067D29 /* SlideNavigationContorllerAnimatorScale.h */,
				BD7B81691B5D248D00067D29 /* SlideNavigationContorllerAnimatorScale.m */,
				BD7B816A1B5D248D00067D29 /* SlideNavigationContorllerAnimatorScaleAndFade.h */,
				BD7B816B1B5D248D00067D29 /* SlideNavigationContorllerAnimatorScaleAndFade.m */,
				BD7B816C1B5D248D00067D29 /* SlideNavigationContorllerAnimatorSlide.h */,
				BD7B816D1B5D248D00067D29 /* SlideNavigationContorllerAnimatorSlide.m */,
				BD7B816E1B5D248D00067D29 /* SlideNavigationContorllerAnimatorSlideAndFade.h */,
				BD7B816F1B5D248D00067D29 /* SlideNavigationContorllerAnimatorSlideAndFade.m */,
			);
			path = Animations;
			sourceTree = "<group>";
		};
		BD7B81701B5D248D00067D29 /* Assets */ = {
			isa = PBXGroup;
			children = (
				BD7B81711B5D248D00067D29 /* menu-button.png */,
				BD7B81721B5D248D00067D29 /* menu-button@2x.png */,
			);
			path = Assets;
			sourceTree = "<group>";
		};
/* End PBXGroup section */

/* Begin PBXNativeTarget section */
		BD7B81311B5D1FA900067D29 /* RunErrands */ = {
			isa = PBXNativeTarget;
			buildConfigurationList = BD7B81551B5D1FAA00067D29 /* Build configuration list for PBXNativeTarget "RunErrands" */;
			buildPhases = (
				BD7B812E1B5D1FA900067D29 /* Sources */,
				BD7B812F1B5D1FA900067D29 /* Frameworks */,
				BD7B81301B5D1FA900067D29 /* Resources */,
			);
			buildRules = (
			);
			dependencies = (
			);
			name = RunErrands;
			productName = RunErrands;
			productReference = BD7B81321B5D1FA900067D29 /* RunErrands.app */;
			productType = "com.apple.product-type.application";
		};
		BD7B814A1B5D1FAA00067D29 /* RunErrandsTests */ = {
			isa = PBXNativeTarget;
			buildConfigurationList = BD7B81581B5D1FAA00067D29 /* Build configuration list for PBXNativeTarget "RunErrandsTests" */;
			buildPhases = (
				BD7B81471B5D1FAA00067D29 /* Sources */,
				BD7B81481B5D1FAA00067D29 /* Frameworks */,
				BD7B81491B5D1FAA00067D29 /* Resources */,
			);
			buildRules = (
			);
			dependencies = (
				BD7B814D1B5D1FAA00067D29 /* PBXTargetDependency */,
			);
			name = RunErrandsTests;
			productName = RunErrandsTests;
			productReference = BD7B814B1B5D1FAA00067D29 /* RunErrandsTests.xctest */;
			productType = "com.apple.product-type.bundle.unit-test";
		};
/* End PBXNativeTarget section */

/* Begin PBXProject section */
		BD7B812A1B5D1FA900067D29 /* Project object */ = {
			isa = PBXProject;
			attributes = {
				LastUpgradeCheck = 0630;
				ORGANIZATIONNAME = "Jinfu Wang";
				TargetAttributes = {
					BD7B81311B5D1FA900067D29 = {
						CreatedOnToolsVersion = 6.3.2;
					};
					BD7B814A1B5D1FAA00067D29 = {
						CreatedOnToolsVersion = 6.3.2;
						TestTargetID = BD7B81311B5D1FA900067D29;
					};
				};
			};
			buildConfigurationList = BD7B812D1B5D1FA900067D29 /* Build configuration list for PBXProject "RunErrands" */;
			compatibilityVersion = "Xcode 3.2";
			developmentRegion = English;
			hasScannedForEncodings = 0;
			knownRegions = (
				en,
				Base,
			);
			mainGroup = BD7B81291B5D1FA900067D29;
			productRefGroup = BD7B81331B5D1FA900067D29 /* Products */;
			projectDirPath = "";
			projectRoot = "";
			targets = (
				BD7B81311B5D1FA900067D29 /* RunErrands */,
				BD7B814A1B5D1FAA00067D29 /* RunErrandsTests */,
			);
		};
/* End PBXProject section */

/* Begin PBXResourcesBuildPhase section */
		BD7B81301B5D1FA900067D29 /* Resources */ = {
			isa = PBXResourcesBuildPhase;
			buildActionMask = 2147483647;
			files = (
				BD7B817A1B5D248D00067D29 /* menu-button.png in Resources */,
				BD7B81411B5D1FA900067D29 /* Main.storyboard in Resources */,
				BD7B81461B5D1FA900067D29 /* LaunchScreen.xib in Resources */,
				BD7B817B1B5D248D00067D29 /* menu-button@2x.png in Resources */,
				BD7B81431B5D1FA900067D29 /* Images.xcassets in Resources */,
			);
			runOnlyForDeploymentPostprocessing = 0;
		};
		BD7B81491B5D1FAA00067D29 /* Resources */ = {
			isa = PBXResourcesBuildPhase;
			buildActionMask = 2147483647;
			files = (
			);
			runOnlyForDeploymentPostprocessing = 0;
		};
/* End PBXResourcesBuildPhase section */

/* Begin PBXSourcesBuildPhase section */
		BD7B812E1B5D1FA900067D29 /* Sources */ = {
			isa = PBXSourcesBuildPhase;
			buildActionMask = 2147483647;
			files = (
				BD7B817C1B5D248D00067D29 /* SlideNavigationController.m in Sources */,
				BD7B81821B5D2DCE00067D29 /* LeftMenuTableViewController.m in Sources */,
				BD7B81761B5D248D00067D29 /* SlideNavigationContorllerAnimatorScale.m in Sources */,
				BD7B81771B5D248D00067D29 /* SlideNavigationContorllerAnimatorScaleAndFade.m in Sources */,
				BD7B817F1B5D2A9600067D29 /* MapViewController.m in Sources */,
				BD7B813B1B5D1FA900067D29 /* AppDelegate.m in Sources */,
				BD7B81751B5D248D00067D29 /* SlideNavigationContorllerAnimatorFade.m in Sources */,
				BD7B81381B5D1FA900067D29 /* main.m in Sources */,
				BD7B81791B5D248D00067D29 /* SlideNavigationContorllerAnimatorSlideAndFade.m in Sources */,
				BD7B81781B5D248D00067D29 /* SlideNavigationContorllerAnimatorSlide.m in Sources */,
			);
			runOnlyForDeploymentPostprocessing = 0;
		};
		BD7B81471B5D1FAA00067D29 /* Sources */ = {
			isa = PBXSourcesBuildPhase;
			buildActionMask = 2147483647;
			files = (
				BD7B81521B5D1FAA00067D29 /* RunErrandsTests.m in Sources */,
			);
			runOnlyForDeploymentPostprocessing = 0;
		};
/* End PBXSourcesBuildPhase section */

/* Begin PBXTargetDependency section */
		BD7B814D1B5D1FAA00067D29 /* PBXTargetDependency */ = {
			isa = PBXTargetDependency;
			target = BD7B81311B5D1FA900067D29 /* RunErrands */;
			targetProxy = BD7B814C1B5D1FAA00067D29 /* PBXContainerItemProxy */;
		};
/* End PBXTargetDependency section */

/* Begin PBXVariantGroup section */
		BD7B813F1B5D1FA900067D29 /* Main.storyboard */ = {
			isa = PBXVariantGroup;
			children = (
				BD7B81401B5D1FA900067D29 /* Base */,
			);
			name = Main.storyboard;
			sourceTree = "<group>";
		};
		BD7B81441B5D1FA900067D29 /* LaunchScreen.xib */ = {
			isa = PBXVariantGroup;
			children = (
				BD7B81451B5D1FA900067D29 /* Base */,
			);
			name = LaunchScreen.xib;
			sourceTree = "<group>";
		};
/* End PBXVariantGroup section */

/* Begin XCBuildConfiguration section */
		BD7B81531B5D1FAA00067D29 /* Debug */ = {
			isa = XCBuildConfiguration;
			buildSettings = {
				ALWAYS_SEARCH_USER_PATHS = NO;
				CLANG_CXX_LANGUAGE_STANDARD = "gnu++0x";
				CLANG_CXX_LIBRARY = "libc++";
				CLANG_ENABLE_MODULES = YES;
				CLANG_ENABLE_OBJC_ARC = YES;
				CLANG_WARN_BOOL_CONVERSION = YES;
				CLANG_WARN_CONSTANT_CONVERSION = YES;
				CLANG_WARN_DIRECT_OBJC_ISA_USAGE = YES_ERROR;
				CLANG_WARN_EMPTY_BODY = YES;
				CLANG_WARN_ENUM_CONVERSION = YES;
				CLANG_WARN_INT_CONVERSION = YES;
				CLANG_WARN_OBJC_ROOT_CLASS = YES_ERROR;
				CLANG_WARN_UNREACHABLE_CODE = YES;
				CLANG_WARN__DUPLICATE_METHOD_MATCH = YES;
				"CODE_SIGN_IDENTITY[sdk=iphoneos*]" = "iPhone Developer";
				COPY_PHASE_STRIP = NO;
				DEBUG_INFORMATION_FORMAT = "dwarf-with-dsym";
				ENABLE_STRICT_OBJC_MSGSEND = YES;
				GCC_C_LANGUAGE_STANDARD = gnu99;
				GCC_DYNAMIC_NO_PIC = NO;
				GCC_NO_COMMON_BLOCKS = YES;
				GCC_OPTIMIZATION_LEVEL = 0;
				GCC_PREPROCESSOR_DEFINITIONS = (
					"DEBUG=1",
					"$(inherited)",
				);
				GCC_SYMBOLS_PRIVATE_EXTERN = NO;
				GCC_WARN_64_TO_32_BIT_CONVERSION = YES;
				GCC_WARN_ABOUT_RETURN_TYPE = YES_ERROR;
				GCC_WARN_UNDECLARED_SELECTOR = YES;
				GCC_WARN_UNINITIALIZED_AUTOS = YES_AGGRESSIVE;
				GCC_WARN_UNUSED_FUNCTION = YES;
				GCC_WARN_UNUSED_VARIABLE = YES;
				IPHONEOS_DEPLOYMENT_TARGET = 8.3;
				MTL_ENABLE_DEBUG_INFO = YES;
				ONLY_ACTIVE_ARCH = YES;
				SDKROOT = iphoneos;
				TARGETED_DEVICE_FAMILY = "1,2";
			};
			name = Debug;
		};
		BD7B81541B5D1FAA00067D29 /* Release */ = {
			isa = XCBuildConfiguration;
			buildSettings = {
				ALWAYS_SEARCH_USER_PATHS = NO;
				CLANG_CXX_LANGUAGE_STANDARD = "gnu++0x";
				CLANG_CXX_LIBRARY = "libc++";
				CLANG_ENABLE_MODULES = YES;
				CLANG_ENABLE_OBJC_ARC = YES;
				CLANG_WARN_BOOL_CONVERSION = YES;
				CLANG_WARN_CONSTANT_CONVERSION = YES;
				CLANG_WARN_DIRECT_OBJC_ISA_USAGE = YES_ERROR;
				CLANG_WARN_EMPTY_BODY = YES;
				CLANG_WARN_ENUM_CONVERSION = YES;
				CLANG_WARN_INT_CONVERSION = YES;
				CLANG_WARN_OBJC_ROOT_CLASS = YES_ERROR;
				CLANG_WARN_UNREACHABLE_CODE = YES;
				CLANG_WARN__DUPLICATE_METHOD_MATCH = YES;
				"CODE_SIGN_IDENTITY[sdk=iphoneos*]" = "iPhone Developer";
				COPY_PHASE_STRIP = NO;
				DEBUG_INFORMATION_FORMAT = "dwarf-with-dsym";
				ENABLE_NS_ASSERTIONS = NO;
				ENABLE_STRICT_OBJC_MSGSEND = YES;
				GCC_C_LANGUAGE_STANDARD = gnu99;
				GCC_NO_COMMON_BLOCKS = YES;
				GCC_WARN_64_TO_32_BIT_CONVERSION = YES;
				GCC_WARN_ABOUT_RETURN_TYPE = YES_ERROR;
				GCC_WARN_UNDECLARED_SELECTOR = YES;
				GCC_WARN_UNINITIALIZED_AUTOS = YES_AGGRESSIVE;
				GCC_WARN_UNUSED_FUNCTION = YES;
				GCC_WARN_UNUSED_VARIABLE = YES;
				IPHONEOS_DEPLOYMENT_TARGET = 8.3;
				MTL_ENABLE_DEBUG_INFO = NO;
				SDKROOT = iphoneos;
				TARGETED_DEVICE_FAMILY = "1,2";
				VALIDATE_PRODUCT = YES;
			};
			name = Release;
		};
		BD7B81561B5D1FAA00067D29 /* Debug */ = {
			isa = XCBuildConfiguration;
			buildSettings = {
				ASSETCATALOG_COMPILER_APPICON_NAME = AppIcon;
				INFOPLIST_FILE = RunErrands/Info.plist;
				LD_RUNPATH_SEARCH_PATHS = "$(inherited) @executable_path/Frameworks";
				PRODUCT_NAME = "$(TARGET_NAME)";
			};
			name = Debug;
		};
		BD7B81571B5D1FAA00067D29 /* Release */ = {
			isa = XCBuildConfiguration;
			buildSettings = {
				ASSETCATALOG_COMPILER_APPICON_NAME = AppIcon;
				INFOPLIST_FILE = RunErrands/Info.plist;
				LD_RUNPATH_SEARCH_PATHS = "$(inherited) @executable_path/Frameworks";
				PRODUCT_NAME = "$(TARGET_NAME)";
			};
			name = Release;
		};
		BD7B81591B5D1FAA00067D29 /* Debug */ = {
			isa = XCBuildConfiguration;
			buildSettings = {
				BUNDLE_LOADER = "$(TEST_HOST)";
				FRAMEWORK_SEARCH_PATHS = (
					"$(SDKROOT)/Developer/Library/Frameworks",
					"$(inherited)",
				);
				GCC_PREPROCESSOR_DEFINITIONS = (
					"DEBUG=1",
					"$(inherited)",
				);
				INFOPLIST_FILE = RunErrandsTests/Info.plist;
				LD_RUNPATH_SEARCH_PATHS = "$(inherited) @executable_path/Frameworks @loader_path/Frameworks";
				PRODUCT_NAME = "$(TARGET_NAME)";
				TEST_HOST = "$(BUILT_PRODUCTS_DIR)/RunErrands.app/RunErrands";
			};
			name = Debug;
		};
		BD7B815A1B5D1FAA00067D29 /* Release */ = {
			isa = XCBuildConfiguration;
			buildSettings = {
				BUNDLE_LOADER = "$(TEST_HOST)";
				FRAMEWORK_SEARCH_PATHS = (
					"$(SDKROOT)/Developer/Library/Frameworks",
					"$(inherited)",
				);
				INFOPLIST_FILE = RunErrandsTests/Info.plist;
				LD_RUNPATH_SEARCH_PATHS = "$(inherited) @executable_path/Frameworks @loader_path/Frameworks";
				PRODUCT_NAME = "$(TARGET_NAME)";
				TEST_HOST = "$(BUILT_PRODUCTS_DIR)/RunErrands.app/RunErrands";
			};
			name = Release;
		};
/* End XCBuildConfiguration section */

/* Begin XCConfigurationList section */
		BD7B812D1B5D1FA900067D29 /* Build configuration list for PBXProject "RunErrands" */ = {
			isa = XCConfigurationList;
			buildConfigurations = (
				BD7B81531B5D1FAA00067D29 /* Debug */,
				BD7B81541B5D1FAA00067D29 /* Release */,
			);
			defaultConfigurationIsVisible = 0;
			defaultConfigurationName = Release;
		};
		BD7B81551B5D1FAA00067D29 /* Build configuration list for PBXNativeTarget "RunErrands" */ = {
			isa = XCConfigurationList;
			buildConfigurations = (
				BD7B81561B5D1FAA00067D29 /* Debug */,
				BD7B81571B5D1FAA00067D29 /* Release */,
			);
			defaultConfigurationIsVisible = 0;
		};
		BD7B81581B5D1FAA00067D29 /* Build configuration list for PBXNativeTarget "RunErrandsTests" */ = {
			isa = XCConfigurationList;
			buildConfigurations = (
				BD7B81591B5D1FAA00067D29 /* Debug */,
				BD7B815A1B5D1FAA00067D29 /* Release */,
			);
			defaultConfigurationIsVisible = 0;
		};
/* End XCConfigurationList section */
	};
	rootObject = BD7B812A1B5D1FA900067D29 /* Project object */;
}
